
Microsoft Visual Studio Solution File, Format Version 12.00
# Visual Studio Version 17
VisualStudioVersion = 17.1.32421.90
MinimumVisualStudioVersion = 10.0.40219.1
Project("{9A19103F-16F7-4668-BE54-9A1E7A4F7556}") = "ADONETFundamentals", "ADONETFundamentals\ADONETFundamentals.csproj", "{7B619158-A277-4218-AD79-FC2F70D82D3E}"
EndProject
Project("{00D1A9C2-B5F0-4AF3-8072-F6C62B433612}") = "ADONETFundamentals.Database", "ADONETFundamentals.Database\ADONETFundamentals.Database.sqlproj", "{3BFF211B-EAF1-472B-A925-5AACCE2B7996}"
EndProject
Global
	GlobalSection(SolutionConfigurationPlatforms) = preSolution
		Debug|Any CPU = Debug|Any CPU
		Release|Any CPU = Release|Any CPU
	EndGlobalSection
	GlobalSection(ProjectConfigurationPlatforms) = postSolution
		{7B619158-A277-4218-AD79-FC2F70D82D3E}.Debug|Any CPU.ActiveCfg = Debug|Any CPU
		{7B619158-A277-4218-AD79-FC2F70D82D3E}.Debug|Any CPU.Build.0 = Debug|Any CPU
		{7B619158-A277-4218-AD79-FC2F70D82D3E}.Release|Any CPU.ActiveCfg = Release|Any CPU
		{7B619158-A277-4218-AD79-FC2F70D82D3E}.Release|Any CPU.Build.0 = Release|Any CPU
		{3BFF211B-EAF1-472B-A925-5AACCE2B7996}.Debug|Any CPU.ActiveCfg = Debug|Any CPU
		{3BFF211B-EAF1-472B-A925-5AACCE2B7996}.Debug|Any CPU.Build.0 = Debug|Any CPU
		{3BFF211B-EAF1-472B-A925-5AACCE2B7996}.Debug|Any CPU.Deploy.0 = Debug|Any CPU
		{3BFF211B-EAF1-472B-A925-5AACCE2B7996}.Release|Any CPU.ActiveCfg = Release|Any CPU
		{3BFF211B-EAF1-472B-A925-5AACCE2B7996}.Release|Any CPU.Build.0 = Release|Any CPU
		{3BFF211B-EAF1-472B-A925-5AACCE2B7996}.Release|Any CPU.Deploy.0 = Release|Any CPU
	EndGlobalSection
	GlobalSection(SolutionProperties) = preSolution
		HideSolutionNode = FALSE
	EndGlobalSection
	GlobalSection(ExtensibilityGlobals) = postSolution
		SolutionGuid = {6B754033-2984-43AA-9364-785E1907262E}
	EndGlobalSection
EndGlobal
